
Microsoft Visual Studio Solution File, Format Version 12.00
# Visual Studio 14
VisualStudioVersion = 14.0.25420.1
MinimumVisualStudioVersion = 10.0.40219.1
Project("{2150E333-8FDC-42A3-9474-1A3956D46DE8}") = "src", "src", "{ED66F5E0-CEEF-4923-925D-EEB5CBC3DBE7}"
EndProject
Project("{2150E333-8FDC-42A3-9474-1A3956D46DE8}") = "Solution Items", "Solution Items", "{4FA56AE8-631B-4DC8-924E-2B5F36C1AF46}"
	ProjectSection(SolutionItems) = preProject
		global.json = global.json
	EndProjectSection
EndProject
Project("{8BB2217D-0F2D-49D1-97BC-3654ED321F3B}") = "EFSqlDeploy", "src\EFSqlDeploy\EFSqlDeploy.xproj", "{A7AFFB78-E702-4587-BAA1-075E648551F2}"
EndProject
Project("{2150E333-8FDC-42A3-9474-1A3956D46DE8}") = "test", "test", "{39CC9F39-A8DA-414D-8969-CEF43565A06E}"
EndProject
Project("{8BB2217D-0F2D-49D1-97BC-3654ED321F3B}") = "EfSqlDeploy.Tests", "test\EfSqlDeploy.Tests\EfSqlDeploy.Tests.xproj", "{49067F46-90A5-4B1A-B59B-953D28FA6CD5}"
EndProject
Global
	GlobalSection(SolutionConfigurationPlatforms) = preSolution
		Debug|Any CPU = Debug|Any CPU
		Release|Any CPU = Release|Any CPU
	EndGlobalSection
	GlobalSection(ProjectConfigurationPlatforms) = postSolution
		{A7AFFB78-E702-4587-BAA1-075E648551F2}.Debug|Any CPU.ActiveCfg = Debug|Any CPU
		{A7AFFB78-E702-4587-BAA1-075E648551F2}.Debug|Any CPU.Build.0 = Debug|Any CPU
		{A7AFFB78-E702-4587-BAA1-075E648551F2}.Release|Any CPU.ActiveCfg = Release|Any CPU
		{A7AFFB78-E702-4587-BAA1-075E648551F2}.Release|Any CPU.Build.0 = Release|Any CPU
		{49067F46-90A5-4B1A-B59B-953D28FA6CD5}.Debug|Any CPU.ActiveCfg = Debug|Any CPU
		{49067F46-90A5-4B1A-B59B-953D28FA6CD5}.Debug|Any CPU.Build.0 = Debug|Any CPU
		{49067F46-90A5-4B1A-B59B-953D28FA6CD5}.Release|Any CPU.ActiveCfg = Release|Any CPU
		{49067F46-90A5-4B1A-B59B-953D28FA6CD5}.Release|Any CPU.Build.0 = Release|Any CPU
	EndGlobalSection
	GlobalSection(SolutionProperties) = preSolution
		HideSolutionNode = FALSE
	EndGlobalSection
	GlobalSection(NestedProjects) = preSolution
		{A7AFFB78-E702-4587-BAA1-075E648551F2} = {ED66F5E0-CEEF-4923-925D-EEB5CBC3DBE7}
		{49067F46-90A5-4B1A-B59B-953D28FA6CD5} = {39CC9F39-A8DA-414D-8969-CEF43565A06E}
	EndGlobalSection
EndGlobal
